
Microsoft Visual Studio Solution File, Format Version 12.00
# Visual Studio Version 17
VisualStudioVersion = 17.14.36414.22
MinimumVisualStudioVersion = 10.0.40219.1
Project("{2150E333-8FDC-42A3-9474-1A3956D46DE8}") = "Documents", "Documents", "{02EA681E-C7D8-13C7-8484-4AC65E1B71E8}"
EndProject
Project("{2150E333-8FDC-42A3-9474-1A3956D46DE8}") = "Src", "Src", "{E06503D6-5E6A-4E70-90F8-9B01500C0795}"
EndProject
Project("{2150E333-8FDC-42A3-9474-1A3956D46DE8}") = "Core", "Core", "{0420BCF7-EEF3-44CB-AF8D-75AEFF9DF163}"
EndProject
Project("{2150E333-8FDC-42A3-9474-1A3956D46DE8}") = "Infrastracture", "Infrastracture", "{3BAF86D0-04E3-4D00-99B7-81E99A32CA16}"
EndProject
Project("{2150E333-8FDC-42A3-9474-1A3956D46DE8}") = "Presentation", "Presentation", "{BD9DC396-57C0-4000-A03E-5CE2981331B6}"
EndProject
Project("{2150E333-8FDC-42A3-9474-1A3956D46DE8}") = "Common", "Common", "{D1A5F0B5-0392-4C86-A3C8-F7743F78FD7E}"
EndProject
Project("{FAE04EC0-301F-11D3-BF4B-00C04F79EFBC}") = "KalaMarket.Domain", "KalaMarket.Domain\KalaMarket.Domain.csproj", "{4A0BA777-647F-453A-A2ED-7C138B4D0E20}"
EndProject
Project("{FAE04EC0-301F-11D3-BF4B-00C04F79EFBC}") = "KalaMarket.Application", "KalaMarket.Application\KalaMarket.Application.csproj", "{65474395-2F84-4420-AFD7-B2DBD67BAE1A}"
EndProject
Project("{FAE04EC0-301F-11D3-BF4B-00C04F79EFBC}") = "KalaMarket.Infrastructure", "KalaMarket.Infrastructure\KalaMarket.Infrastructure.csproj", "{D7FDB913-A589-4360-AFD6-98ED976F6765}"
EndProject
Project("{FAE04EC0-301F-11D3-BF4B-00C04F79EFBC}") = "KalaMarket.Persistence", "KalaMarket.Persistence\KalaMarket.Persistence.csproj", "{82010491-41C0-44DB-809A-C1AEA93BF778}"
EndProject
Project("{FAE04EC0-301F-11D3-BF4B-00C04F79EFBC}") = "KalaMarket.Common", "KalaMarket.Common\KalaMarket.Common.csproj", "{F5B5A7E3-13EC-41A8-838D-A0AC0F70F3B0}"
EndProject
Project("{FAE04EC0-301F-11D3-BF4B-00C04F79EFBC}") = "EndPoint.Site", "EndPoint.Site\EndPoint.Site.csproj", "{B5441CDC-A40D-47EA-90F2-020D3D436646}"
EndProject
Global
	GlobalSection(SolutionConfigurationPlatforms) = preSolution
		Debug|Any CPU = Debug|Any CPU
		Release|Any CPU = Release|Any CPU
	EndGlobalSection
	GlobalSection(ProjectConfigurationPlatforms) = postSolution
		{4A0BA777-647F-453A-A2ED-7C138B4D0E20}.Debug|Any CPU.ActiveCfg = Debug|Any CPU
		{4A0BA777-647F-453A-A2ED-7C138B4D0E20}.Debug|Any CPU.Build.0 = Debug|Any CPU
		{4A0BA777-647F-453A-A2ED-7C138B4D0E20}.Release|Any CPU.ActiveCfg = Release|Any CPU
		{4A0BA777-647F-453A-A2ED-7C138B4D0E20}.Release|Any CPU.Build.0 = Release|Any CPU
		{65474395-2F84-4420-AFD7-B2DBD67BAE1A}.Debug|Any CPU.ActiveCfg = Debug|Any CPU
		{65474395-2F84-4420-AFD7-B2DBD67BAE1A}.Debug|Any CPU.Build.0 = Debug|Any CPU
		{65474395-2F84-4420-AFD7-B2DBD67BAE1A}.Release|Any CPU.ActiveCfg = Release|Any CPU
		{65474395-2F84-4420-AFD7-B2DBD67BAE1A}.Release|Any CPU.Build.0 = Release|Any CPU
		{D7FDB913-A589-4360-AFD6-98ED976F6765}.Debug|Any CPU.ActiveCfg = Debug|Any CPU
		{D7FDB913-A589-4360-AFD6-98ED976F6765}.Debug|Any CPU.Build.0 = Debug|Any CPU
		{D7FDB913-A589-4360-AFD6-98ED976F6765}.Release|Any CPU.ActiveCfg = Release|Any CPU
		{D7FDB913-A589-4360-AFD6-98ED976F6765}.Release|Any CPU.Build.0 = Release|Any CPU
		{82010491-41C0-44DB-809A-C1AEA93BF778}.Debug|Any CPU.ActiveCfg = Debug|Any CPU
		{82010491-41C0-44DB-809A-C1AEA93BF778}.Debug|Any CPU.Build.0 = Debug|Any CPU
		{82010491-41C0-44DB-809A-C1AEA93BF778}.Release|Any CPU.ActiveCfg = Release|Any CPU
		{82010491-41C0-44DB-809A-C1AEA93BF778}.Release|Any CPU.Build.0 = Release|Any CPU
		{F5B5A7E3-13EC-41A8-838D-A0AC0F70F3B0}.Debug|Any CPU.ActiveCfg = Debug|Any CPU
		{F5B5A7E3-13EC-41A8-838D-A0AC0F70F3B0}.Debug|Any CPU.Build.0 = Debug|Any CPU
		{F5B5A7E3-13EC-41A8-838D-A0AC0F70F3B0}.Release|Any CPU.ActiveCfg = Release|Any CPU
		{F5B5A7E3-13EC-41A8-838D-A0AC0F70F3B0}.Release|Any CPU.Build.0 = Release|Any CPU
		{B5441CDC-A40D-47EA-90F2-020D3D436646}.Debug|Any CPU.ActiveCfg = Debug|Any CPU
		{B5441CDC-A40D-47EA-90F2-020D3D436646}.Debug|Any CPU.Build.0 = Debug|Any CPU
		{B5441CDC-A40D-47EA-90F2-020D3D436646}.Release|Any CPU.ActiveCfg = Release|Any CPU
		{B5441CDC-A40D-47EA-90F2-020D3D436646}.Release|Any CPU.Build.0 = Release|Any CPU
	EndGlobalSection
	GlobalSection(SolutionProperties) = preSolution
		HideSolutionNode = FALSE
	EndGlobalSection
	GlobalSection(NestedProjects) = preSolution
		{0420BCF7-EEF3-44CB-AF8D-75AEFF9DF163} = {E06503D6-5E6A-4E70-90F8-9B01500C0795}
		{3BAF86D0-04E3-4D00-99B7-81E99A32CA16} = {E06503D6-5E6A-4E70-90F8-9B01500C0795}
		{BD9DC396-57C0-4000-A03E-5CE2981331B6} = {E06503D6-5E6A-4E70-90F8-9B01500C0795}
		{D1A5F0B5-0392-4C86-A3C8-F7743F78FD7E} = {E06503D6-5E6A-4E70-90F8-9B01500C0795}
		{4A0BA777-647F-453A-A2ED-7C138B4D0E20} = {0420BCF7-EEF3-44CB-AF8D-75AEFF9DF163}
		{65474395-2F84-4420-AFD7-B2DBD67BAE1A} = {0420BCF7-EEF3-44CB-AF8D-75AEFF9DF163}
		{D7FDB913-A589-4360-AFD6-98ED976F6765} = {3BAF86D0-04E3-4D00-99B7-81E99A32CA16}
		{82010491-41C0-44DB-809A-C1AEA93BF778} = {3BAF86D0-04E3-4D00-99B7-81E99A32CA16}
		{F5B5A7E3-13EC-41A8-838D-A0AC0F70F3B0} = {D1A5F0B5-0392-4C86-A3C8-F7743F78FD7E}
		{B5441CDC-A40D-47EA-90F2-020D3D436646} = {BD9DC396-57C0-4000-A03E-5CE2981331B6}
	EndGlobalSection
	GlobalSection(ExtensibilityGlobals) = postSolution
		SolutionGuid = {76C44AA6-BA6A-49A1-B036-9531F7907D6A}
	EndGlobalSection
EndGlobal
